{
  "name": "common-pitfalls",
  "version": "1.0.0",
  "lockfileVersion": 3,
  "requires": true,
  "packages": {
    "": {
      "name": "common-pitfalls",
      "version": "1.0.0",
      "license": "ISC",
      "dependencies": {
        "@resconet/jsbridge": "^17.0.0"
      },
      "devDependencies": {
        "typescript": "^5.4.5"
      }
    },
    "node_modules/@resconet/jsbridge": {
      "version": "17.0.0",
      "resolved": "https://registry.npmjs.org/@resconet/jsbridge/-/jsbridge-17.0.0.tgz",
      "integrity": "sha512-aQxb8voB0lSGlN0DBX0WkQCTiakUUnZmbu9UtzSf8a5IR60due053eJ8tia4KtOxNqYZ+kcHZWiOhrBH56BCNg=="
    },
    "node_modules/typescript": {
      "version": "5.4.5",
      "resolved": "https://registry.npmjs.org/typescript/-/typescript-5.4.5.tgz",
      "integrity": "sha512-vcI4UpRgg81oIRUFwR0WSIHKt11nJ7SAVlYNIu+QpqeyXP+gpQJy/Z4+F0aGxSE4MqwjyXvW/TzgkLAx2AGHwQ==",
      "dev": true,
      "bin": {
        "tsc": "bin/tsc",
        "tsserver": "bin/tsserver"
      },
      "engines": {
        "node": ">=14.17"
      }
    }
  }
}
